
Microsoft Visual Studio Solution File, Format Version 12.00
# Visual Studio 14
VisualStudioVersion = 14.0.23107.0
MinimumVisualStudioVersion = 10.0.40219.1
Project("{2150E333-8FDC-42A3-9474-1A3956D46DE8}") = "Chapter 1", "Chapter 1", "{64555DB5-AE2B-4A7A-97BF-A82D8F2BF366}"
EndProject
Project("{8BC9CEB8-8B4A-11D0-8D11-00A0C91BC942}") = "Ex1.1_Put", "Ex1.1_Put\Ex1.1_Put.vcxproj", "{E883FD57-B457-4C0C-A0E8-69299299FF1E}"
EndProject
Project("{8BC9CEB8-8B4A-11D0-8D11-00A0C91BC942}") = "Ex1.2_DoubleDigital", "Ex1.2_DoubleDigital\Ex1.2_DoubleDigital.vcxproj", "{71D48461-5DD1-44C8-9CED-35E651E3B8D9}"
EndProject
Project("{8BC9CEB8-8B4A-11D0-8D11-00A0C91BC942}") = "Ex1.3_UserSelects", "Ex1.3_UserSelects\Ex1.3_UserSelects.vcxproj", "{70765046-1650-4129-9712-57A3F14D3D56}"
EndProject
Project("{2150E333-8FDC-42A3-9474-1A3956D46DE8}") = "Chapter 2", "Chapter 2", "{093307AD-1453-485F-8F8C-D710E82D0388}"
EndProject
Project("{8BC9CEB8-8B4A-11D0-8D11-00A0C91BC942}") = "SimpleMCMain2", "SimpleMCMain2\SimpleMCMain2.vcxproj", "{2BC9753F-1722-4B01-AC46-31D9BC0BE641}"
EndProject
Project("{8BC9CEB8-8B4A-11D0-8D11-00A0C91BC942}") = "SimpleMCMain1", "SimpleMCMain1\SimpleMCMain1.vcxproj", "{17287398-E004-48AE-9AE0-F894FB52047B}"
EndProject
Global
	GlobalSection(SolutionConfigurationPlatforms) = preSolution
		Debug|x64 = Debug|x64
		Debug|x86 = Debug|x86
		Release|x64 = Release|x64
		Release|x86 = Release|x86
	EndGlobalSection
	GlobalSection(ProjectConfigurationPlatforms) = postSolution
		{E883FD57-B457-4C0C-A0E8-69299299FF1E}.Debug|x64.ActiveCfg = Debug|x64
		{E883FD57-B457-4C0C-A0E8-69299299FF1E}.Debug|x64.Build.0 = Debug|x64
		{E883FD57-B457-4C0C-A0E8-69299299FF1E}.Debug|x86.ActiveCfg = Debug|Win32
		{E883FD57-B457-4C0C-A0E8-69299299FF1E}.Debug|x86.Build.0 = Debug|Win32
		{E883FD57-B457-4C0C-A0E8-69299299FF1E}.Release|x64.ActiveCfg = Release|x64
		{E883FD57-B457-4C0C-A0E8-69299299FF1E}.Release|x64.Build.0 = Release|x64
		{E883FD57-B457-4C0C-A0E8-69299299FF1E}.Release|x86.ActiveCfg = Release|Win32
		{E883FD57-B457-4C0C-A0E8-69299299FF1E}.Release|x86.Build.0 = Release|Win32
		{71D48461-5DD1-44C8-9CED-35E651E3B8D9}.Debug|x64.ActiveCfg = Debug|x64
		{71D48461-5DD1-44C8-9CED-35E651E3B8D9}.Debug|x64.Build.0 = Debug|x64
		{71D48461-5DD1-44C8-9CED-35E651E3B8D9}.Debug|x86.ActiveCfg = Debug|Win32
		{71D48461-5DD1-44C8-9CED-35E651E3B8D9}.Debug|x86.Build.0 = Debug|Win32
		{71D48461-5DD1-44C8-9CED-35E651E3B8D9}.Release|x64.ActiveCfg = Release|x64
		{71D48461-5DD1-44C8-9CED-35E651E3B8D9}.Release|x64.Build.0 = Release|x64
		{71D48461-5DD1-44C8-9CED-35E651E3B8D9}.Release|x86.ActiveCfg = Release|Win32
		{71D48461-5DD1-44C8-9CED-35E651E3B8D9}.Release|x86.Build.0 = Release|Win32
		{70765046-1650-4129-9712-57A3F14D3D56}.Debug|x64.ActiveCfg = Debug|x64
		{70765046-1650-4129-9712-57A3F14D3D56}.Debug|x64.Build.0 = Debug|x64
		{70765046-1650-4129-9712-57A3F14D3D56}.Debug|x86.ActiveCfg = Debug|Win32
		{70765046-1650-4129-9712-57A3F14D3D56}.Debug|x86.Build.0 = Debug|Win32
		{70765046-1650-4129-9712-57A3F14D3D56}.Release|x64.ActiveCfg = Release|x64
		{70765046-1650-4129-9712-57A3F14D3D56}.Release|x64.Build.0 = Release|x64
		{70765046-1650-4129-9712-57A3F14D3D56}.Release|x86.ActiveCfg = Release|Win32
		{70765046-1650-4129-9712-57A3F14D3D56}.Release|x86.Build.0 = Release|Win32
		{2BC9753F-1722-4B01-AC46-31D9BC0BE641}.Debug|x64.ActiveCfg = Debug|x64
		{2BC9753F-1722-4B01-AC46-31D9BC0BE641}.Debug|x64.Build.0 = Debug|x64
		{2BC9753F-1722-4B01-AC46-31D9BC0BE641}.Debug|x86.ActiveCfg = Debug|Win32
		{2BC9753F-1722-4B01-AC46-31D9BC0BE641}.Debug|x86.Build.0 = Debug|Win32
		{2BC9753F-1722-4B01-AC46-31D9BC0BE641}.Release|x64.ActiveCfg = Release|x64
		{2BC9753F-1722-4B01-AC46-31D9BC0BE641}.Release|x64.Build.0 = Release|x64
		{2BC9753F-1722-4B01-AC46-31D9BC0BE641}.Release|x86.ActiveCfg = Release|Win32
		{2BC9753F-1722-4B01-AC46-31D9BC0BE641}.Release|x86.Build.0 = Release|Win32
		{17287398-E004-48AE-9AE0-F894FB52047B}.Debug|x64.ActiveCfg = Debug|x64
		{17287398-E004-48AE-9AE0-F894FB52047B}.Debug|x64.Build.0 = Debug|x64
		{17287398-E004-48AE-9AE0-F894FB52047B}.Debug|x86.ActiveCfg = Debug|Win32
		{17287398-E004-48AE-9AE0-F894FB52047B}.Debug|x86.Build.0 = Debug|Win32
		{17287398-E004-48AE-9AE0-F894FB52047B}.Release|x64.ActiveCfg = Release|x64
		{17287398-E004-48AE-9AE0-F894FB52047B}.Release|x64.Build.0 = Release|x64
		{17287398-E004-48AE-9AE0-F894FB52047B}.Release|x86.ActiveCfg = Release|Win32
		{17287398-E004-48AE-9AE0-F894FB52047B}.Release|x86.Build.0 = Release|Win32
	EndGlobalSection
	GlobalSection(SolutionProperties) = preSolution
		HideSolutionNode = FALSE
	EndGlobalSection
	GlobalSection(NestedProjects) = preSolution
		{E883FD57-B457-4C0C-A0E8-69299299FF1E} = {64555DB5-AE2B-4A7A-97BF-A82D8F2BF366}
		{71D48461-5DD1-44C8-9CED-35E651E3B8D9} = {64555DB5-AE2B-4A7A-97BF-A82D8F2BF366}
		{70765046-1650-4129-9712-57A3F14D3D56} = {64555DB5-AE2B-4A7A-97BF-A82D8F2BF366}
		{2BC9753F-1722-4B01-AC46-31D9BC0BE641} = {093307AD-1453-485F-8F8C-D710E82D0388}
		{17287398-E004-48AE-9AE0-F894FB52047B} = {64555DB5-AE2B-4A7A-97BF-A82D8F2BF366}
	EndGlobalSection
EndGlobal
